
Microsoft Visual Studio Solution File, Format Version 12.00
# Visual Studio 15
VisualStudioVersion = 15.0.26730.3
MinimumVisualStudioVersion = 10.0.40219.1
Project("{2150E333-8FDC-42A3-9474-1A3956D46DE8}") = "src", "src", "{848B4CDD-AFEB-43DC-8C98-50CAD2032760}"
EndProject
Project("{2150E333-8FDC-42A3-9474-1A3956D46DE8}") = "test", "test", "{A2C35585-C45D-436D-83EA-86C1E357771A}"
EndProject
Project("{9A19103F-16F7-4668-BE54-9A1E7A4F7556}") = "UnitTests", "test\UnitTests\UnitTests.csproj", "{506E729B-F50D-4C33-B3F9-31BCD6621272}"
EndProject
Project("{9A19103F-16F7-4668-BE54-9A1E7A4F7556}") = "Xabaril", "src\Xabaril\Xabaril.csproj", "{6CD38887-224A-4BE7-A1DB-D9C543896C8B}"
EndProject
Project("{9A19103F-16F7-4668-BE54-9A1E7A4F7556}") = "Xabaril.InMemoryStore", "src\Xabaril.InMemoryStore\Xabaril.InMemoryStore.csproj", "{90B44466-45EB-4B25-B8D1-885B37656975}"
EndProject
Project("{9A19103F-16F7-4668-BE54-9A1E7A4F7556}") = "Xabaril.MVC", "src\Xabaril.MVC\Xabaril.MVC.csproj", "{5FC26916-7484-4095-8011-F63F4243A30C}"
EndProject
Project("{9A19103F-16F7-4668-BE54-9A1E7A4F7556}") = "Xabaril.RedisStore", "src\Xabaril.RedisStore\Xabaril.RedisStore.csproj", "{0ED6F4E8-0661-4A2B-B80A-CAFED0AB3CED}"
EndProject
Project("{9A19103F-16F7-4668-BE54-9A1E7A4F7556}") = "FunctionalTests", "test\FunctionalTests\FunctionalTests.csproj", "{F6D690B7-B5A8-4FD2-9848-CAAD624E4D0D}"
EndProject
Global
	GlobalSection(SolutionConfigurationPlatforms) = preSolution
		Debug|Any CPU = Debug|Any CPU
		Release|Any CPU = Release|Any CPU
	EndGlobalSection
	GlobalSection(ProjectConfigurationPlatforms) = postSolution
		{506E729B-F50D-4C33-B3F9-31BCD6621272}.Debug|Any CPU.ActiveCfg = Debug|Any CPU
		{506E729B-F50D-4C33-B3F9-31BCD6621272}.Debug|Any CPU.Build.0 = Debug|Any CPU
		{506E729B-F50D-4C33-B3F9-31BCD6621272}.Release|Any CPU.ActiveCfg = Release|Any CPU
		{506E729B-F50D-4C33-B3F9-31BCD6621272}.Release|Any CPU.Build.0 = Release|Any CPU
		{6CD38887-224A-4BE7-A1DB-D9C543896C8B}.Debug|Any CPU.ActiveCfg = Debug|Any CPU
		{6CD38887-224A-4BE7-A1DB-D9C543896C8B}.Debug|Any CPU.Build.0 = Debug|Any CPU
		{6CD38887-224A-4BE7-A1DB-D9C543896C8B}.Release|Any CPU.ActiveCfg = Release|Any CPU
		{6CD38887-224A-4BE7-A1DB-D9C543896C8B}.Release|Any CPU.Build.0 = Release|Any CPU
		{90B44466-45EB-4B25-B8D1-885B37656975}.Debug|Any CPU.ActiveCfg = Debug|Any CPU
		{90B44466-45EB-4B25-B8D1-885B37656975}.Debug|Any CPU.Build.0 = Debug|Any CPU
		{90B44466-45EB-4B25-B8D1-885B37656975}.Release|Any CPU.ActiveCfg = Release|Any CPU
		{90B44466-45EB-4B25-B8D1-885B37656975}.Release|Any CPU.Build.0 = Release|Any CPU
		{5FC26916-7484-4095-8011-F63F4243A30C}.Debug|Any CPU.ActiveCfg = Debug|Any CPU
		{5FC26916-7484-4095-8011-F63F4243A30C}.Debug|Any CPU.Build.0 = Debug|Any CPU
		{5FC26916-7484-4095-8011-F63F4243A30C}.Release|Any CPU.ActiveCfg = Release|Any CPU
		{5FC26916-7484-4095-8011-F63F4243A30C}.Release|Any CPU.Build.0 = Release|Any CPU
		{0ED6F4E8-0661-4A2B-B80A-CAFED0AB3CED}.Debug|Any CPU.ActiveCfg = Debug|Any CPU
		{0ED6F4E8-0661-4A2B-B80A-CAFED0AB3CED}.Debug|Any CPU.Build.0 = Debug|Any CPU
		{0ED6F4E8-0661-4A2B-B80A-CAFED0AB3CED}.Release|Any CPU.ActiveCfg = Release|Any CPU
		{0ED6F4E8-0661-4A2B-B80A-CAFED0AB3CED}.Release|Any CPU.Build.0 = Release|Any CPU
		{F6D690B7-B5A8-4FD2-9848-CAAD624E4D0D}.Debug|Any CPU.ActiveCfg = Debug|Any CPU
		{F6D690B7-B5A8-4FD2-9848-CAAD624E4D0D}.Debug|Any CPU.Build.0 = Debug|Any CPU
		{F6D690B7-B5A8-4FD2-9848-CAAD624E4D0D}.Release|Any CPU.ActiveCfg = Release|Any CPU
		{F6D690B7-B5A8-4FD2-9848-CAAD624E4D0D}.Release|Any CPU.Build.0 = Release|Any CPU
	EndGlobalSection
	GlobalSection(SolutionProperties) = preSolution
		HideSolutionNode = FALSE
	EndGlobalSection
	GlobalSection(NestedProjects) = preSolution
		{506E729B-F50D-4C33-B3F9-31BCD6621272} = {A2C35585-C45D-436D-83EA-86C1E357771A}
		{6CD38887-224A-4BE7-A1DB-D9C543896C8B} = {848B4CDD-AFEB-43DC-8C98-50CAD2032760}
		{90B44466-45EB-4B25-B8D1-885B37656975} = {848B4CDD-AFEB-43DC-8C98-50CAD2032760}
		{5FC26916-7484-4095-8011-F63F4243A30C} = {848B4CDD-AFEB-43DC-8C98-50CAD2032760}
		{0ED6F4E8-0661-4A2B-B80A-CAFED0AB3CED} = {848B4CDD-AFEB-43DC-8C98-50CAD2032760}
		{F6D690B7-B5A8-4FD2-9848-CAAD624E4D0D} = {A2C35585-C45D-436D-83EA-86C1E357771A}
	EndGlobalSection
	GlobalSection(ExtensibilityGlobals) = postSolution
		SolutionGuid = {875900ED-D5DD-431B-8AD4-1DCA518B0B09}
	EndGlobalSection
EndGlobal
