
Microsoft Visual Studio Solution File, Format Version 12.00
# Visual Studio 15
VisualStudioVersion = 15.0.26403.7
MinimumVisualStudioVersion = 10.0.40219.1
Project("{2150E333-8FDC-42A3-9474-1A3956D46DE8}") = "src", "src", "{848B4CDD-AFEB-43DC-8C98-50CAD2032760}"
EndProject
Project("{2150E333-8FDC-42A3-9474-1A3956D46DE8}") = "test", "test", "{A2C35585-C45D-436D-83EA-86C1E357771A}"
EndProject
Project("{2150E333-8FDC-42A3-9474-1A3956D46DE8}") = "samples", "samples", "{5520A18E-F65A-441F-B6F1-4FDFA454419E}"
EndProject
Project("{9A19103F-16F7-4668-BE54-9A1E7A4F7556}") = "UnitTests", "test\UnitTests\UnitTests.csproj", "{506E729B-F50D-4C33-B3F9-31BCD6621272}"
EndProject
Project("{9A19103F-16F7-4668-BE54-9A1E7A4F7556}") = "Xabaril", "src\Xabaril\Xabaril.csproj", "{6CD38887-224A-4BE7-A1DB-D9C543896C8B}"
EndProject
Project("{9A19103F-16F7-4668-BE54-9A1E7A4F7556}") = "Xabaril.InMemoryStore", "src\Xabaril.InMemoryStore\Xabaril.InMemoryStore.csproj", "{90B44466-45EB-4B25-B8D1-885B37656975}"
EndProject
Project("{9A19103F-16F7-4668-BE54-9A1E7A4F7556}") = "InMemory", "samples\InMemory\InMemory.csproj", "{340ED70A-A7FF-4362-8493-73D0DC67803B}"
EndProject
Project("{9A19103F-16F7-4668-BE54-9A1E7A4F7556}") = "Xabaril.MVC", "src\Xabaril.MVC\Xabaril.MVC.csproj", "{5FC26916-7484-4095-8011-F63F4243A30C}"
EndProject
Project("{9A19103F-16F7-4668-BE54-9A1E7A4F7556}") = "MVC", "samples\MVC\MVC.csproj", "{9C1F242B-A98D-47B1-BD0C-E19AE8646FC1}"
EndProject
Project("{9A19103F-16F7-4668-BE54-9A1E7A4F7556}") = "ActivatorsTour", "samples\ActivatorsTour\ActivatorsTour.csproj", "{2D70ACB3-56CA-4081-8C33-3CF0279861F1}"
EndProject
Project("{9A19103F-16F7-4668-BE54-9A1E7A4F7556}") = "Xabaril.Samples.UI.Components", "samples\Xabaril.Samples.UI.Components\Xabaril.Samples.UI.Components.csproj", "{6FD7EF11-C683-46AF-9C27-8D072F8EA92B}"
EndProject
Project("{9A19103F-16F7-4668-BE54-9A1E7A4F7556}") = "Xabaril.RedisStore", "src\Xabaril.RedisStore\Xabaril.RedisStore.csproj", "{0ED6F4E8-0661-4A2B-B80A-CAFED0AB3CED}"
EndProject
Project("{9A19103F-16F7-4668-BE54-9A1E7A4F7556}") = "FunctionalTests", "test\FunctionalTests\FunctionalTests.csproj", "{F6D690B7-B5A8-4FD2-9848-CAAD624E4D0D}"
EndProject
Project("{9A19103F-16F7-4668-BE54-9A1E7A4F7556}") = "XabarilWithJS", "samples\XabarilWithJs\XabarilWithJS.csproj", "{B1CAE2A3-C61C-46A0-A8B1-C9059D003A68}"
EndProject
Global
	GlobalSection(SolutionConfigurationPlatforms) = preSolution
		Debug|Any CPU = Debug|Any CPU
		Release|Any CPU = Release|Any CPU
	EndGlobalSection
	GlobalSection(ProjectConfigurationPlatforms) = postSolution
		{506E729B-F50D-4C33-B3F9-31BCD6621272}.Debug|Any CPU.ActiveCfg = Debug|Any CPU
		{506E729B-F50D-4C33-B3F9-31BCD6621272}.Debug|Any CPU.Build.0 = Debug|Any CPU
		{506E729B-F50D-4C33-B3F9-31BCD6621272}.Release|Any CPU.ActiveCfg = Release|Any CPU
		{506E729B-F50D-4C33-B3F9-31BCD6621272}.Release|Any CPU.Build.0 = Release|Any CPU
		{6CD38887-224A-4BE7-A1DB-D9C543896C8B}.Debug|Any CPU.ActiveCfg = Debug|Any CPU
		{6CD38887-224A-4BE7-A1DB-D9C543896C8B}.Debug|Any CPU.Build.0 = Debug|Any CPU
		{6CD38887-224A-4BE7-A1DB-D9C543896C8B}.Release|Any CPU.ActiveCfg = Release|Any CPU
		{6CD38887-224A-4BE7-A1DB-D9C543896C8B}.Release|Any CPU.Build.0 = Release|Any CPU
		{90B44466-45EB-4B25-B8D1-885B37656975}.Debug|Any CPU.ActiveCfg = Debug|Any CPU
		{90B44466-45EB-4B25-B8D1-885B37656975}.Debug|Any CPU.Build.0 = Debug|Any CPU
		{90B44466-45EB-4B25-B8D1-885B37656975}.Release|Any CPU.ActiveCfg = Release|Any CPU
		{90B44466-45EB-4B25-B8D1-885B37656975}.Release|Any CPU.Build.0 = Release|Any CPU
		{340ED70A-A7FF-4362-8493-73D0DC67803B}.Debug|Any CPU.ActiveCfg = Debug|Any CPU
		{340ED70A-A7FF-4362-8493-73D0DC67803B}.Debug|Any CPU.Build.0 = Debug|Any CPU
		{340ED70A-A7FF-4362-8493-73D0DC67803B}.Release|Any CPU.ActiveCfg = Release|Any CPU
		{340ED70A-A7FF-4362-8493-73D0DC67803B}.Release|Any CPU.Build.0 = Release|Any CPU
		{5FC26916-7484-4095-8011-F63F4243A30C}.Debug|Any CPU.ActiveCfg = Debug|Any CPU
		{5FC26916-7484-4095-8011-F63F4243A30C}.Debug|Any CPU.Build.0 = Debug|Any CPU
		{5FC26916-7484-4095-8011-F63F4243A30C}.Release|Any CPU.ActiveCfg = Release|Any CPU
		{5FC26916-7484-4095-8011-F63F4243A30C}.Release|Any CPU.Build.0 = Release|Any CPU
		{9C1F242B-A98D-47B1-BD0C-E19AE8646FC1}.Debug|Any CPU.ActiveCfg = Debug|Any CPU
		{9C1F242B-A98D-47B1-BD0C-E19AE8646FC1}.Debug|Any CPU.Build.0 = Debug|Any CPU
		{9C1F242B-A98D-47B1-BD0C-E19AE8646FC1}.Release|Any CPU.ActiveCfg = Release|Any CPU
		{9C1F242B-A98D-47B1-BD0C-E19AE8646FC1}.Release|Any CPU.Build.0 = Release|Any CPU
		{2D70ACB3-56CA-4081-8C33-3CF0279861F1}.Debug|Any CPU.ActiveCfg = Debug|Any CPU
		{2D70ACB3-56CA-4081-8C33-3CF0279861F1}.Debug|Any CPU.Build.0 = Debug|Any CPU
		{2D70ACB3-56CA-4081-8C33-3CF0279861F1}.Release|Any CPU.ActiveCfg = Release|Any CPU
		{2D70ACB3-56CA-4081-8C33-3CF0279861F1}.Release|Any CPU.Build.0 = Release|Any CPU
		{6FD7EF11-C683-46AF-9C27-8D072F8EA92B}.Debug|Any CPU.ActiveCfg = Debug|Any CPU
		{6FD7EF11-C683-46AF-9C27-8D072F8EA92B}.Debug|Any CPU.Build.0 = Debug|Any CPU
		{6FD7EF11-C683-46AF-9C27-8D072F8EA92B}.Release|Any CPU.ActiveCfg = Release|Any CPU
		{6FD7EF11-C683-46AF-9C27-8D072F8EA92B}.Release|Any CPU.Build.0 = Release|Any CPU
		{0ED6F4E8-0661-4A2B-B80A-CAFED0AB3CED}.Debug|Any CPU.ActiveCfg = Debug|Any CPU
		{0ED6F4E8-0661-4A2B-B80A-CAFED0AB3CED}.Debug|Any CPU.Build.0 = Debug|Any CPU
		{0ED6F4E8-0661-4A2B-B80A-CAFED0AB3CED}.Release|Any CPU.ActiveCfg = Release|Any CPU
		{0ED6F4E8-0661-4A2B-B80A-CAFED0AB3CED}.Release|Any CPU.Build.0 = Release|Any CPU
		{F6D690B7-B5A8-4FD2-9848-CAAD624E4D0D}.Debug|Any CPU.ActiveCfg = Debug|Any CPU
		{F6D690B7-B5A8-4FD2-9848-CAAD624E4D0D}.Debug|Any CPU.Build.0 = Debug|Any CPU
		{F6D690B7-B5A8-4FD2-9848-CAAD624E4D0D}.Release|Any CPU.ActiveCfg = Release|Any CPU
		{F6D690B7-B5A8-4FD2-9848-CAAD624E4D0D}.Release|Any CPU.Build.0 = Release|Any CPU
		{B1CAE2A3-C61C-46A0-A8B1-C9059D003A68}.Debug|Any CPU.ActiveCfg = Debug|Any CPU
		{B1CAE2A3-C61C-46A0-A8B1-C9059D003A68}.Debug|Any CPU.Build.0 = Debug|Any CPU
		{B1CAE2A3-C61C-46A0-A8B1-C9059D003A68}.Release|Any CPU.ActiveCfg = Release|Any CPU
		{B1CAE2A3-C61C-46A0-A8B1-C9059D003A68}.Release|Any CPU.Build.0 = Release|Any CPU
	EndGlobalSection
	GlobalSection(SolutionProperties) = preSolution
		HideSolutionNode = FALSE
	EndGlobalSection
	GlobalSection(NestedProjects) = preSolution
		{506E729B-F50D-4C33-B3F9-31BCD6621272} = {A2C35585-C45D-436D-83EA-86C1E357771A}
		{6CD38887-224A-4BE7-A1DB-D9C543896C8B} = {848B4CDD-AFEB-43DC-8C98-50CAD2032760}
		{90B44466-45EB-4B25-B8D1-885B37656975} = {848B4CDD-AFEB-43DC-8C98-50CAD2032760}
		{340ED70A-A7FF-4362-8493-73D0DC67803B} = {5520A18E-F65A-441F-B6F1-4FDFA454419E}
		{5FC26916-7484-4095-8011-F63F4243A30C} = {848B4CDD-AFEB-43DC-8C98-50CAD2032760}
		{9C1F242B-A98D-47B1-BD0C-E19AE8646FC1} = {5520A18E-F65A-441F-B6F1-4FDFA454419E}
		{2D70ACB3-56CA-4081-8C33-3CF0279861F1} = {5520A18E-F65A-441F-B6F1-4FDFA454419E}
		{6FD7EF11-C683-46AF-9C27-8D072F8EA92B} = {5520A18E-F65A-441F-B6F1-4FDFA454419E}
		{0ED6F4E8-0661-4A2B-B80A-CAFED0AB3CED} = {848B4CDD-AFEB-43DC-8C98-50CAD2032760}
		{F6D690B7-B5A8-4FD2-9848-CAAD624E4D0D} = {A2C35585-C45D-436D-83EA-86C1E357771A}
		{B1CAE2A3-C61C-46A0-A8B1-C9059D003A68} = {5520A18E-F65A-441F-B6F1-4FDFA454419E}
	EndGlobalSection
EndGlobal
